
Microsoft Visual Studio Solution File, Format Version 12.00
# Visual Studio Version 17
VisualStudioVersion = 17.8.34322.80
MinimumVisualStudioVersion = 10.0.40219.1
Project("{FAE04EC0-301F-11D3-BF4B-00C04F79EFBC}") = "CarRentalSystem", "CarRentalSystem\CarRentalSystem.csproj", "{B48EC8B7-8A0D-40F2-8C3C-0EB189E03461}"
EndProject
Project("{9A19103F-16F7-4668-BE54-9A1E7A4F7556}") = "CarRentalSystemTesting", "CarRentalSystemTesting\CarRentalSystemTesting.csproj", "{AAF8B23E-8BD7-4F88-8771-85D03DA4ADDF}"
EndProject
Global
	GlobalSection(SolutionConfigurationPlatforms) = preSolution
		Debug|Any CPU = Debug|Any CPU
		Release|Any CPU = Release|Any CPU
	EndGlobalSection
	GlobalSection(ProjectConfigurationPlatforms) = postSolution
		{B48EC8B7-8A0D-40F2-8C3C-0EB189E03461}.Debug|Any CPU.ActiveCfg = Debug|Any CPU
		{B48EC8B7-8A0D-40F2-8C3C-0EB189E03461}.Debug|Any CPU.Build.0 = Debug|Any CPU
		{B48EC8B7-8A0D-40F2-8C3C-0EB189E03461}.Release|Any CPU.ActiveCfg = Release|Any CPU
		{B48EC8B7-8A0D-40F2-8C3C-0EB189E03461}.Release|Any CPU.Build.0 = Release|Any CPU
		{AAF8B23E-8BD7-4F88-8771-85D03DA4ADDF}.Debug|Any CPU.ActiveCfg = Debug|Any CPU
		{AAF8B23E-8BD7-4F88-8771-85D03DA4ADDF}.Debug|Any CPU.Build.0 = Debug|Any CPU
		{AAF8B23E-8BD7-4F88-8771-85D03DA4ADDF}.Release|Any CPU.ActiveCfg = Release|Any CPU
		{AAF8B23E-8BD7-4F88-8771-85D03DA4ADDF}.Release|Any CPU.Build.0 = Release|Any CPU
	EndGlobalSection
	GlobalSection(SolutionProperties) = preSolution
		HideSolutionNode = FALSE
	EndGlobalSection
	GlobalSection(ExtensibilityGlobals) = postSolution
		SolutionGuid = {DF8EC8CC-A256-416B-ABDD-86C544F6CA89}
	EndGlobalSection
EndGlobal
